PODS:
  - JanusMessageSDK (0.7.27)

DEPENDENCIES:
  - JanusMessageSDK (from `../shared`)

EXTERNAL SOURCES:
  JanusMessageSDK:
    :path: "../shared"

SPEC CHECKSUMS:
  JanusMessageSDK: beee43ee52d74119be942b424f3bcabb9406657b

PODFILE CHECKSUM: 1e004fa731d7a04f3d9d5649deb94144c69121d3

COCOAPODS: 1.14.3
