PODS:
  - JanusMessageSDK (0.7.24)

DEPENDENCIES:
  - JanusMessageSDK (from `../shared`)

EXTERNAL SOURCES:
  JanusMessageSDK:
    :path: "../shared"

SPEC CHECKSUMS:
  JanusMessageSDK: e76862260037deafcfdfb13f6ac5b07754fd1de5

PODFILE CHECKSUM: f49c83502265f613b705206e564445714899ea9d

COCOAPODS: 1.14.3
